
Microsoft Visual Studio Solution File, Format Version 12.00
# Visual Studio Version 17
VisualStudioVersion = 17.4.33122.133
MinimumVisualStudioVersion = 10.0.40219.1
Project("{9A19103F-16F7-4668-BE54-9A1E7A4F7556}") = "Silk3DViewer", "Silk3DViewer\Silk3DViewer.csproj", "{2B1089BB-BFD6-4E38-9FBD-06CCF9160E4E}"
EndProject
Global
	GlobalSection(SolutionConfigurationPlatforms) = preSolution
		Debug|Any CPU = Debug|Any CPU
		Release|Any CPU = Release|Any CPU
	EndGlobalSection
	GlobalSection(ProjectConfigurationPlatforms) = postSolution
		{2B1089BB-BFD6-4E38-9FBD-06CCF9160E4E}.Debug|Any CPU.ActiveCfg = Debug|Any CPU
		{2B1089BB-BFD6-4E38-9FBD-06CCF9160E4E}.Debug|Any CPU.Build.0 = Debug|Any CPU
		{2B1089BB-BFD6-4E38-9FBD-06CCF9160E4E}.Release|Any CPU.ActiveCfg = Release|Any CPU
		{2B1089BB-BFD6-4E38-9FBD-06CCF9160E4E}.Release|Any CPU.Build.0 = Release|Any CPU
	EndGlobalSection
	GlobalSection(SolutionProperties) = preSolution
		HideSolutionNode = FALSE
	EndGlobalSection
	GlobalSection(ExtensibilityGlobals) = postSolution
		SolutionGuid = {DF4920D2-10EB-4EE2-A659-5B1675FFDC97}
	EndGlobalSection
EndGlobal
